
Microsoft Visual Studio Solution File, Format Version 12.00
# Visual Studio 15
VisualStudioVersion = 15.0.27703.2000
MinimumVisualStudioVersion = 10.0.40219.1
Project("{9A19103F-16F7-4668-BE54-9A1E7A4F7556}") = "Gallery-server.Data", "Gallery-server.Data\Gallery-server.Data.csproj", "{80F8FEA4-6819-4B47-98FD-DD924A288858}"
EndProject
Project("{9A19103F-16F7-4668-BE54-9A1E7A4F7556}") = "Gallery-server.API", "Gallery-server.API\Gallery-server.API.csproj", "{658C5192-788D-4F70-B820-FD3EEA399F35}"
EndProject
Project("{FAE04EC0-301F-11D3-BF4B-00C04F79EFBC}") = "Gallery-server.Operations", "Gallery-server.Operations\Gallery-server.Operations.csproj", "{2D190AAA-7AA3-42B8-924C-1DEFC06886BD}"
EndProject
Global
	GlobalSection(SolutionConfigurationPlatforms) = preSolution
		Debug|Any CPU = Debug|Any CPU
		Release|Any CPU = Release|Any CPU
	EndGlobalSection
	GlobalSection(ProjectConfigurationPlatforms) = postSolution
		{80F8FEA4-6819-4B47-98FD-DD924A288858}.Debug|Any CPU.ActiveCfg = Debug|Any CPU
		{80F8FEA4-6819-4B47-98FD-DD924A288858}.Debug|Any CPU.Build.0 = Debug|Any CPU
		{80F8FEA4-6819-4B47-98FD-DD924A288858}.Release|Any CPU.ActiveCfg = Release|Any CPU
		{80F8FEA4-6819-4B47-98FD-DD924A288858}.Release|Any CPU.Build.0 = Release|Any CPU
		{658C5192-788D-4F70-B820-FD3EEA399F35}.Debug|Any CPU.ActiveCfg = Debug|Any CPU
		{658C5192-788D-4F70-B820-FD3EEA399F35}.Debug|Any CPU.Build.0 = Debug|Any CPU
		{658C5192-788D-4F70-B820-FD3EEA399F35}.Release|Any CPU.ActiveCfg = Release|Any CPU
		{658C5192-788D-4F70-B820-FD3EEA399F35}.Release|Any CPU.Build.0 = Release|Any CPU
		{2D190AAA-7AA3-42B8-924C-1DEFC06886BD}.Debug|Any CPU.ActiveCfg = Debug|Any CPU
		{2D190AAA-7AA3-42B8-924C-1DEFC06886BD}.Debug|Any CPU.Build.0 = Debug|Any CPU
		{2D190AAA-7AA3-42B8-924C-1DEFC06886BD}.Release|Any CPU.ActiveCfg = Release|Any CPU
		{2D190AAA-7AA3-42B8-924C-1DEFC06886BD}.Release|Any CPU.Build.0 = Release|Any CPU
	EndGlobalSection
	GlobalSection(SolutionProperties) = preSolution
		HideSolutionNode = FALSE
	EndGlobalSection
	GlobalSection(ExtensibilityGlobals) = postSolution
		SolutionGuid = {F0EE4816-39C9-443A-82D0-C29E97FDC6B7}
	EndGlobalSection
EndGlobal
