
Microsoft Visual Studio Solution File, Format Version 12.00
# Visual Studio 15
VisualStudioVersion = 15.0.27703.2000
MinimumVisualStudioVersion = 10.0.40219.1
Project("{9A19103F-16F7-4668-BE54-9A1E7A4F7556}") = "Gallery.Server.Api", "Gallery.Server.Api\Gallery.Server.Api.csproj", "{C313B360-A3C3-4E82-9EA4-DF0AB4D92E72}"
EndProject
Project("{9A19103F-16F7-4668-BE54-9A1E7A4F7556}") = "Gallery.Server.Operations", "Gallery.Server.Operations\Gallery.Server.Operations.csproj", "{A13EDDB8-7856-4C99-9D47-B52C454DCDC8}"
EndProject
Project("{9A19103F-16F7-4668-BE54-9A1E7A4F7556}") = "Gallery.Server.Data", "Gallery.Server.Data\Gallery.Server.Data.csproj", "{27AD13DD-1784-4399-A67D-63EF08EFCD2B}"
EndProject
Global
	GlobalSection(SolutionConfigurationPlatforms) = preSolution
		Debug|Any CPU = Debug|Any CPU
		Release|Any CPU = Release|Any CPU
	EndGlobalSection
	GlobalSection(ProjectConfigurationPlatforms) = postSolution
		{C313B360-A3C3-4E82-9EA4-DF0AB4D92E72}.Debug|Any CPU.ActiveCfg = Debug|Any CPU
		{C313B360-A3C3-4E82-9EA4-DF0AB4D92E72}.Debug|Any CPU.Build.0 = Debug|Any CPU
		{C313B360-A3C3-4E82-9EA4-DF0AB4D92E72}.Release|Any CPU.ActiveCfg = Release|Any CPU
		{C313B360-A3C3-4E82-9EA4-DF0AB4D92E72}.Release|Any CPU.Build.0 = Release|Any CPU
		{A13EDDB8-7856-4C99-9D47-B52C454DCDC8}.Debug|Any CPU.ActiveCfg = Debug|Any CPU
		{A13EDDB8-7856-4C99-9D47-B52C454DCDC8}.Debug|Any CPU.Build.0 = Debug|Any CPU
		{A13EDDB8-7856-4C99-9D47-B52C454DCDC8}.Release|Any CPU.ActiveCfg = Release|Any CPU
		{A13EDDB8-7856-4C99-9D47-B52C454DCDC8}.Release|Any CPU.Build.0 = Release|Any CPU
		{27AD13DD-1784-4399-A67D-63EF08EFCD2B}.Debug|Any CPU.ActiveCfg = Debug|Any CPU
		{27AD13DD-1784-4399-A67D-63EF08EFCD2B}.Debug|Any CPU.Build.0 = Debug|Any CPU
		{27AD13DD-1784-4399-A67D-63EF08EFCD2B}.Release|Any CPU.ActiveCfg = Release|Any CPU
		{27AD13DD-1784-4399-A67D-63EF08EFCD2B}.Release|Any CPU.Build.0 = Release|Any CPU
	EndGlobalSection
	GlobalSection(SolutionProperties) = preSolution
		HideSolutionNode = FALSE
	EndGlobalSection
	GlobalSection(ExtensibilityGlobals) = postSolution
		SolutionGuid = {F0EE4816-39C9-443A-82D0-C29E97FDC6B7}
	EndGlobalSection
EndGlobal
